{
  "name": "@gershy/nodejs-proc",
  "version": "0.0.11",
  "lockfileVersion": 3,
  "requires": true,
  "packages": {
    "": {
      "name": "@gershy/nodejs-proc",
      "version": "0.0.11",
      "license": "ISC",
      "dependencies": {
        "@gershy/disk": "^0.0.17"
      },
      "devDependencies": {
        "@types/node": "^24.10.1"
      },
      "peerDependencies": {
        "@gershy/clearing": "^0.0.44"
      }
    },
    "node_modules/@gershy/clearing": {
      "version": "0.0.44",
      "resolved": "https://registry.npmjs.org/@gershy/clearing/-/clearing-0.0.44.tgz",
      "integrity": "sha512-lfAoii0obvn7wMixCLGAj4KufYhKRAwHAZnmS3JRwtzwfwrrnhmm+FrrF28YCK5lGJF9MEOBds+XlJUK0ISk0Q==",
      "peer": true
    },
    "node_modules/@gershy/disk": {
      "version": "0.0.17",
      "resolved": "https://registry.npmjs.org/@gershy/disk/-/disk-0.0.17.tgz",
      "integrity": "sha512-bZrzCI5kHozUzWDJeeYwiJbgrixcIY+09ltH1OWxO3e+gD7DsTAwSckPo94HLzzz5GUBQZP51LEmeZqau4Qccg==",
      "dependencies": {
        "@gershy/util-retry": "^0.0.13"
      },
      "peerDependencies": {
        "@gershy/clearing": "^0.0.44"
      }
    },
    "node_modules/@gershy/util-retry": {
      "version": "0.0.13",
      "resolved": "https://registry.npmjs.org/@gershy/util-retry/-/util-retry-0.0.13.tgz",
      "integrity": "sha512-GqVhXYyYvHyJkexQQ252YJV0f9UXzkJG/3ja2L+8hMNmMVbQfg1pTvhHgoqJ65TXIfITb4FzPa+wOFfnSsCq9g==",
      "peerDependencies": {
        "@gershy/clearing": "^0.0.44"
      }
    },
    "node_modules/@types/node": {
      "version": "24.13.2",
      "resolved": "https://registry.npmjs.org/@types/node/-/node-24.13.2.tgz",
      "integrity": "sha512-fRa09kZTgu8o71KFcDjUFuc7F+dEbZYZmkI0mg5YBTRs0yMKjYHsq/c0urDKeDb+D5qVgXOdFcuu+DZPKOITwA==",
      "dev": true,
      "dependencies": {
        "undici-types": "~7.18.0"
      }
    },
    "node_modules/undici-types": {
      "version": "7.18.2",
      "resolved": "https://registry.npmjs.org/undici-types/-/undici-types-7.18.2.tgz",
      "integrity": "sha512-AsuCzffGHJybSaRrmr5eHr81mwJU3kjw6M+uprWvCXiNeN9SOGwQ3Jn8jb8m3Z6izVgknn1R0FTCEAP2QrLY/w==",
      "dev": true
    }
  }
}
