{
  "name": "@gershy/nodejs-proc",
  "version": "0.0.12",
  "lockfileVersion": 3,
  "requires": true,
  "packages": {
    "": {
      "name": "@gershy/nodejs-proc",
      "version": "0.0.12",
      "license": "ISC",
      "dependencies": {
        "@gershy/disk": "^0.0.18"
      },
      "devDependencies": {
        "@types/node": "^24.10.1"
      },
      "peerDependencies": {
        "@gershy/clearing": "^0.0.45"
      }
    },
    "node_modules/@gershy/clearing": {
      "version": "0.0.45",
      "resolved": "https://registry.npmjs.org/@gershy/clearing/-/clearing-0.0.45.tgz",
      "integrity": "sha512-wv5Ysh+EwfI2mbwVBqFNuYDcZy1UoqXbFhOsGbAsS8CX/+77eGACjySG5qlj6DjonudfXRO9sj1/PP+qhhoMoQ==",
      "peer": true
    },
    "node_modules/@gershy/disk": {
      "version": "0.0.18",
      "resolved": "https://registry.npmjs.org/@gershy/disk/-/disk-0.0.18.tgz",
      "integrity": "sha512-PhJD4G4FcwFPwx5urRzGXveK+6gE162Ht4uSaZsURhQHF57N1HHPJ/X80Yf0fpmzcS59i4WiR9fkFJmCFYvjxA==",
      "dependencies": {
        "@gershy/util-retry": "^0.0.14"
      },
      "peerDependencies": {
        "@gershy/clearing": "^0.0.45"
      }
    },
    "node_modules/@gershy/util-retry": {
      "version": "0.0.14",
      "resolved": "https://registry.npmjs.org/@gershy/util-retry/-/util-retry-0.0.14.tgz",
      "integrity": "sha512-eGPtZJl9VIKgkGNMrLQVdzJnfkxljv8VCj/W+7pVjwc+03Bufvk93OYfIr2euUCKqZzB6fKFleLRZoewb6pqow==",
      "peerDependencies": {
        "@gershy/clearing": "^0.0.45"
      }
    },
    "node_modules/@types/node": {
      "version": "24.13.2",
      "resolved": "https://registry.npmjs.org/@types/node/-/node-24.13.2.tgz",
      "integrity": "sha512-fRa09kZTgu8o71KFcDjUFuc7F+dEbZYZmkI0mg5YBTRs0yMKjYHsq/c0urDKeDb+D5qVgXOdFcuu+DZPKOITwA==",
      "dev": true,
      "dependencies": {
        "undici-types": "~7.18.0"
      }
    },
    "node_modules/undici-types": {
      "version": "7.18.2",
      "resolved": "https://registry.npmjs.org/undici-types/-/undici-types-7.18.2.tgz",
      "integrity": "sha512-AsuCzffGHJybSaRrmr5eHr81mwJU3kjw6M+uprWvCXiNeN9SOGwQ3Jn8jb8m3Z6izVgknn1R0FTCEAP2QrLY/w==",
      "dev": true
    }
  }
}
