{
  "name": "@gershy/nodejs-proc",
  "version": "0.0.23",
  "lockfileVersion": 3,
  "requires": true,
  "packages": {
    "": {
      "name": "@gershy/nodejs-proc",
      "version": "0.0.23",
      "license": "ISC",
      "dependencies": {
        "@gershy/disk": "^0.0.36"
      },
      "devDependencies": {
        "@types/node": "^24.10.1"
      },
      "peerDependencies": {
        "@gershy/clearing": "^0.0.53"
      }
    },
    "node_modules/@gershy/clearing": {
      "version": "0.0.53",
      "resolved": "https://registry.npmjs.org/@gershy/clearing/-/clearing-0.0.53.tgz",
      "integrity": "sha512-n47Tp2a+3+IMruEWBHRFLD+GS5XnEuDHs9HSnh2vcA4YaIBtZQIbnFNA8MHG0Q5t9MkCYZsMJOncv7GhpbI/3A==",
      "license": "ISC",
      "peer": true
    },
    "node_modules/@gershy/disk": {
      "version": "0.0.36",
      "resolved": "https://registry.npmjs.org/@gershy/disk/-/disk-0.0.36.tgz",
      "integrity": "sha512-KIIld0kAqVAT0Iw4O663hUZqsg4+f4dcaoRrRd3u/BzPb8aoc8nHWJVQhscE9PkDro4ZfpY0EEE7FC6MoAxY4w==",
      "license": "ISC",
      "dependencies": {
        "@gershy/entry": "^0.0.23",
        "@gershy/util-retry": "^0.0.24"
      },
      "peerDependencies": {
        "@gershy/clearing": "^0.0.53"
      }
    },
    "node_modules/@gershy/entry": {
      "version": "0.0.23",
      "resolved": "https://registry.npmjs.org/@gershy/entry/-/entry-0.0.23.tgz",
      "integrity": "sha512-PK3zPuY/7gn+8dypI04VZVLikHG+o7fn8bFI77uRbQlmsf9ADdBJ2o0pBbfQZGw7hBIR0FYoWtlnqN0LwVO8jQ==",
      "license": "ISC",
      "dependencies": {
        "@gershy/logger": "^0.0.21",
        "@gershy/util-codec-parse": "^0.0.21"
      },
      "peerDependencies": {
        "@gershy/clearing": "^0.0.53"
      }
    },
    "node_modules/@gershy/logger": {
      "version": "0.0.21",
      "resolved": "https://registry.npmjs.org/@gershy/logger/-/logger-0.0.21.tgz",
      "integrity": "sha512-MBV2NFccMS5tMG8EapJWpy5bX8Fs9aLt6W6CHRtBHbduaaOgtNOs0dmtonrFADGcvSNOz4OWHbppHf6OVoSaAQ==",
      "license": "ISC",
      "peerDependencies": {
        "@gershy/clearing": "^0.0.53"
      }
    },
    "node_modules/@gershy/util-codec-parse": {
      "version": "0.0.21",
      "resolved": "https://registry.npmjs.org/@gershy/util-codec-parse/-/util-codec-parse-0.0.21.tgz",
      "integrity": "sha512-U/YesyiBM1w+0UMXhZys9ri5XU0SYHc5mkc018HpvL62ka3W7kFP+hOAn1yvje1lJXKzLPgXWk2nl1g+6DmaUA==",
      "license": "ISC",
      "peerDependencies": {
        "@gershy/clearing": "^0.0.53"
      }
    },
    "node_modules/@gershy/util-retry": {
      "version": "0.0.24",
      "resolved": "https://registry.npmjs.org/@gershy/util-retry/-/util-retry-0.0.24.tgz",
      "integrity": "sha512-bK8VPP+hQC3TpWZ2atXzjLn4LNxGK758F+4NwSEfxt/Tqve4FZbCWKw+KtifQo9gF4nsiU0wYVU45TmVAIL7FA==",
      "license": "ISC",
      "peerDependencies": {
        "@gershy/clearing": "^0.0.53"
      }
    },
    "node_modules/@types/node": {
      "version": "24.13.3",
      "resolved": "https://registry.npmjs.org/@types/node/-/node-24.13.3.tgz",
      "integrity": "sha512-Dh8vAsV36ig5wa9OX4pXvMc9D3Veibfw2wix0CUwYODLD8nkj9UsLjASr49nPg+2eKzxhBV+v7L8pXvT4e639Q==",
      "dev": true,
      "license": "MIT",
      "dependencies": {
        "undici-types": "~7.18.0"
      }
    },
    "node_modules/undici-types": {
      "version": "7.18.2",
      "resolved": "https://registry.npmjs.org/undici-types/-/undici-types-7.18.2.tgz",
      "integrity": "sha512-AsuCzffGHJybSaRrmr5eHr81mwJU3kjw6M+uprWvCXiNeN9SOGwQ3Jn8jb8m3Z6izVgknn1R0FTCEAP2QrLY/w==",
      "dev": true,
      "license": "MIT"
    }
  }
}
